
Microsoft Visual Studio Solution File, Format Version 12.00
# Visual Studio Version 17
VisualStudioVersion = 17.8.34330.188
MinimumVisualStudioVersion = 10.0.40219.1
Project("{9A19103F-16F7-4668-BE54-9A1E7A4F7556}") = "HospitalAdmin", "HospitalAdmin\HospitalAdmin.csproj", "{4478872E-D714-414B-BBB7-EAE0301B2E44}"
EndProject
Global
	GlobalSection(SolutionConfigurationPlatforms) = preSolution
		Debug|Any CPU = Debug|Any CPU
		Release|Any CPU = Release|Any CPU
	EndGlobalSection
	GlobalSection(ProjectConfigurationPlatforms) = postSolution
		{4478872E-D714-414B-BBB7-EAE0301B2E44}.Debug|Any CPU.ActiveCfg = Debug|Any CPU
		{4478872E-D714-414B-BBB7-EAE0301B2E44}.Debug|Any CPU.Build.0 = Debug|Any CPU
		{4478872E-D714-414B-BBB7-EAE0301B2E44}.Release|Any CPU.ActiveCfg = Release|Any CPU
		{4478872E-D714-414B-BBB7-EAE0301B2E44}.Release|Any CPU.Build.0 = Release|Any CPU
	EndGlobalSection
	GlobalSection(SolutionProperties) = preSolution
		HideSolutionNode = FALSE
	EndGlobalSection
	GlobalSection(ExtensibilityGlobals) = postSolution
		SolutionGuid = {C4826A3A-1CC8-42B0-8B21-920EAE3B77EF}
	EndGlobalSection
EndGlobal
